
Microsoft Visual Studio Solution File, Format Version 12.00
# Visual Studio 15
VisualStudioVersion = 15.0.28010.2048
MinimumVisualStudioVersion = 10.0.40219.1
Project("{8BC9CEB8-8B4A-11D0-8D11-00A0C91BC942}") = "Robonav2019", "Robonav2019\Robonav2019.vcxproj", "{6BEA3835-8BE7-41A4-878D-5914A4AF2828}"
EndProject
Global
	GlobalSection(SolutionConfigurationPlatforms) = preSolution
		Debug|x64 = Debug|x64
		Debug|x86 = Debug|x86
		Release|x64 = Release|x64
		Release|x86 = Release|x86
	EndGlobalSection
	GlobalSection(ProjectConfigurationPlatforms) = postSolution
		{6BEA3835-8BE7-41A4-878D-5914A4AF2828}.Debug|x64.ActiveCfg = Debug|x64
		{6BEA3835-8BE7-41A4-878D-5914A4AF2828}.Debug|x64.Build.0 = Debug|x64
		{6BEA3835-8BE7-41A4-878D-5914A4AF2828}.Debug|x86.ActiveCfg = Debug|Win32
		{6BEA3835-8BE7-41A4-878D-5914A4AF2828}.Debug|x86.Build.0 = Debug|Win32
		{6BEA3835-8BE7-41A4-878D-5914A4AF2828}.Release|x64.ActiveCfg = Release|x64
		{6BEA3835-8BE7-41A4-878D-5914A4AF2828}.Release|x64.Build.0 = Release|x64
		{6BEA3835-8BE7-41A4-878D-5914A4AF2828}.Release|x86.ActiveCfg = Release|Win32
		{6BEA3835-8BE7-41A4-878D-5914A4AF2828}.Release|x86.Build.0 = Release|Win32
	EndGlobalSection
	GlobalSection(SolutionProperties) = preSolution
		HideSolutionNode = FALSE
	EndGlobalSection
	GlobalSection(ExtensibilityGlobals) = postSolution
		SolutionGuid = {1AAA6DEB-09F7-4237-8A7E-7861DB8B76BF}
	EndGlobalSection
EndGlobal
